{
  "nodes": {
    "deno2nix": {
      "inputs": {
        "nixpkgs": [
          "nixpkgs"
        ]
      },
      "locked": {
        "lastModified": 1785925743,
        "narHash": "sha256-1wa+KLYpiXYV93fgzdVBu8OFS6huXfp4s4xx1Bh510Q=",
        "owner": "hzrd149",
        "repo": "deno2nix",
        "rev": "31c88189e10c7e77f08237ec5d852db3ebba169e",
        "type": "github"
      },
      "original": {
        "owner": "hzrd149",
        "repo": "deno2nix",
        "type": "github"
      }
    },
    "nixpkgs": {
      "locked": {
        "lastModified": 1785571196,
        "narHash": "sha256-KoTsyMQqnXQZq8deCEnu4QkyldkwH/bpMMhUcfMdGIw=",
        "owner": "NixOS",
        "repo": "nixpkgs",
        "rev": "148bab9c1c3c53136ecb44a6ea356a0ed5b39b06",
        "type": "github"
      },
      "original": {
        "owner": "NixOS",
        "ref": "nixos-unstable",
        "repo": "nixpkgs",
        "type": "github"
      }
    },
    "root": {
      "inputs": {
        "deno2nix": "deno2nix",
        "nixpkgs": "nixpkgs"
      }
    }
  },
  "root": "root",
  "version": 7
}
